
Microsoft Visual Studio Solution File, Format Version 11.00
# Visual Studio 2010
Project("{FAE04EC0-301F-11D3-BF4B-00C04F79EFBC}") = "memory_contracts_plugin", "memory_contracts_plugin\memory_contracts_plugin.csproj", "{22371465-9A62-4886-8885-359E24295CDE}"
EndProject
Project("{FAE04EC0-301F-11D3-BF4B-00C04F79EFBC}") = "memory_contracts_installer", "memory_contracts_installer\memory_contracts_installer.csproj", "{294C2380-9CD4-41BD-93CF-A030BD8E1BF7}"
EndProject
Global
	GlobalSection(SolutionConfigurationPlatforms) = preSolution
		Debug|Any CPU = Debug|Any CPU
		Debug|Mixed Platforms = Debug|Mixed Platforms
		Debug|x86 = Debug|x86
		Release|Any CPU = Release|Any CPU
		Release|Mixed Platforms = Release|Mixed Platforms
		Release|x86 = Release|x86
	EndGlobalSection
	GlobalSection(ProjectConfigurationPlatforms) = postSolution
		{22371465-9A62-4886-8885-359E24295CDE}.Debug|Any CPU.ActiveCfg = Debug|Any CPU
		{22371465-9A62-4886-8885-359E24295CDE}.Debug|Any CPU.Build.0 = Debug|Any CPU
		{22371465-9A62-4886-8885-359E24295CDE}.Debug|Mixed Platforms.ActiveCfg = Debug|Any CPU
		{22371465-9A62-4886-8885-359E24295CDE}.Debug|Mixed Platforms.Build.0 = Debug|Any CPU
		{22371465-9A62-4886-8885-359E24295CDE}.Debug|x86.ActiveCfg = Debug|Any CPU
		{22371465-9A62-4886-8885-359E24295CDE}.Release|Any CPU.ActiveCfg = Release|Any CPU
		{22371465-9A62-4886-8885-359E24295CDE}.Release|Any CPU.Build.0 = Release|Any CPU
		{22371465-9A62-4886-8885-359E24295CDE}.Release|Mixed Platforms.ActiveCfg = Release|Any CPU
		{22371465-9A62-4886-8885-359E24295CDE}.Release|Mixed Platforms.Build.0 = Release|Any CPU
		{22371465-9A62-4886-8885-359E24295CDE}.Release|x86.ActiveCfg = Release|Any CPU
		{294C2380-9CD4-41BD-93CF-A030BD8E1BF7}.Debug|Any CPU.ActiveCfg = Debug|x86
		{294C2380-9CD4-41BD-93CF-A030BD8E1BF7}.Debug|Mixed Platforms.ActiveCfg = Debug|x86
		{294C2380-9CD4-41BD-93CF-A030BD8E1BF7}.Debug|Mixed Platforms.Build.0 = Debug|x86
		{294C2380-9CD4-41BD-93CF-A030BD8E1BF7}.Debug|x86.ActiveCfg = Debug|x86
		{294C2380-9CD4-41BD-93CF-A030BD8E1BF7}.Debug|x86.Build.0 = Debug|x86
		{294C2380-9CD4-41BD-93CF-A030BD8E1BF7}.Release|Any CPU.ActiveCfg = Release|x86
		{294C2380-9CD4-41BD-93CF-A030BD8E1BF7}.Release|Mixed Platforms.ActiveCfg = Release|x86
		{294C2380-9CD4-41BD-93CF-A030BD8E1BF7}.Release|Mixed Platforms.Build.0 = Release|x86
		{294C2380-9CD4-41BD-93CF-A030BD8E1BF7}.Release|x86.ActiveCfg = Release|x86
		{294C2380-9CD4-41BD-93CF-A030BD8E1BF7}.Release|x86.Build.0 = Release|x86
	EndGlobalSection
	GlobalSection(SolutionProperties) = preSolution
		HideSolutionNode = FALSE
	EndGlobalSection
EndGlobal
