
Microsoft Visual Studio Solution File, Format Version 11.00
# Visual Studio 2010
Project("{FAE04EC0-301F-11D3-BF4B-00C04F79EFBC}") = "PointsToInfoExtractor", "PointsToInfoExtractor\PointsToInfoExtractor.csproj", "{7C90CBBC-514E-49B5-8C3B-96C9395EF3B1}"
EndProject
Project("{FAE04EC0-301F-11D3-BF4B-00C04F79EFBC}") = "System.Compiler9", "..\System.Compiler\System.Compiler9.csproj", "{D7E16B38-3893-4EEF-847F-A3BE807E9546}"
EndProject
Project("{FAE04EC0-301F-11D3-BF4B-00C04F79EFBC}") = "System.Compiler.Runtime9", "..\System.Compiler.Runtime\System.Compiler.Runtime9.csproj", "{5BEE6906-9652-47B4-B617-368E9598B449}"
EndProject
Project("{FAE04EC0-301F-11D3-BF4B-00C04F79EFBC}") = "System.Compiler.Framework9", "..\System.Compiler.Framework\System.Compiler.Framework9.csproj", "{5D3B8B5B-703E-4843-ABF3-A864F5B6ADA3}"
EndProject
Global
	GlobalSection(SolutionConfigurationPlatforms) = preSolution
		ClousotDebug|Any CPU = ClousotDebug|Any CPU
		ClousotDebug|Mixed Platforms = ClousotDebug|Mixed Platforms
		ClousotDebug|x86 = ClousotDebug|x86
		Debug|Any CPU = Debug|Any CPU
		Debug|Mixed Platforms = Debug|Mixed Platforms
		Debug|x86 = Debug|x86
		DebugCommandLine|Any CPU = DebugCommandLine|Any CPU
		DebugCommandLine|Mixed Platforms = DebugCommandLine|Mixed Platforms
		DebugCommandLine|x86 = DebugCommandLine|x86
		DebugNoData|Any CPU = DebugNoData|Any CPU
		DebugNoData|Mixed Platforms = DebugNoData|Mixed Platforms
		DebugNoData|x86 = DebugNoData|x86
		NoExtendedRuntime|Any CPU = NoExtendedRuntime|Any CPU
		NoExtendedRuntime|Mixed Platforms = NoExtendedRuntime|Mixed Platforms
		NoExtendedRuntime|x86 = NoExtendedRuntime|x86
		Release|Any CPU = Release|Any CPU
		Release|Mixed Platforms = Release|Mixed Platforms
		Release|x86 = Release|x86
	EndGlobalSection
	GlobalSection(ProjectConfigurationPlatforms) = postSolution
		{7C90CBBC-514E-49B5-8C3B-96C9395EF3B1}.ClousotDebug|Any CPU.ActiveCfg = Debug|x86
		{7C90CBBC-514E-49B5-8C3B-96C9395EF3B1}.ClousotDebug|Mixed Platforms.ActiveCfg = Debug|x86
		{7C90CBBC-514E-49B5-8C3B-96C9395EF3B1}.ClousotDebug|Mixed Platforms.Build.0 = Debug|x86
		{7C90CBBC-514E-49B5-8C3B-96C9395EF3B1}.ClousotDebug|x86.ActiveCfg = Debug|x86
		{7C90CBBC-514E-49B5-8C3B-96C9395EF3B1}.ClousotDebug|x86.Build.0 = Debug|x86
		{7C90CBBC-514E-49B5-8C3B-96C9395EF3B1}.Debug|Any CPU.ActiveCfg = Debug|x86
		{7C90CBBC-514E-49B5-8C3B-96C9395EF3B1}.Debug|Mixed Platforms.ActiveCfg = Debug|x86
		{7C90CBBC-514E-49B5-8C3B-96C9395EF3B1}.Debug|Mixed Platforms.Build.0 = Debug|x86
		{7C90CBBC-514E-49B5-8C3B-96C9395EF3B1}.Debug|x86.ActiveCfg = Debug|x86
		{7C90CBBC-514E-49B5-8C3B-96C9395EF3B1}.Debug|x86.Build.0 = Debug|x86
		{7C90CBBC-514E-49B5-8C3B-96C9395EF3B1}.DebugCommandLine|Any CPU.ActiveCfg = Debug|x86
		{7C90CBBC-514E-49B5-8C3B-96C9395EF3B1}.DebugCommandLine|Mixed Platforms.ActiveCfg = Debug|x86
		{7C90CBBC-514E-49B5-8C3B-96C9395EF3B1}.DebugCommandLine|Mixed Platforms.Build.0 = Debug|x86
		{7C90CBBC-514E-49B5-8C3B-96C9395EF3B1}.DebugCommandLine|x86.ActiveCfg = Debug|x86
		{7C90CBBC-514E-49B5-8C3B-96C9395EF3B1}.DebugCommandLine|x86.Build.0 = Debug|x86
		{7C90CBBC-514E-49B5-8C3B-96C9395EF3B1}.DebugNoData|Any CPU.ActiveCfg = Debug|x86
		{7C90CBBC-514E-49B5-8C3B-96C9395EF3B1}.DebugNoData|Mixed Platforms.ActiveCfg = Debug|x86
		{7C90CBBC-514E-49B5-8C3B-96C9395EF3B1}.DebugNoData|Mixed Platforms.Build.0 = Debug|x86
		{7C90CBBC-514E-49B5-8C3B-96C9395EF3B1}.DebugNoData|x86.ActiveCfg = Debug|x86
		{7C90CBBC-514E-49B5-8C3B-96C9395EF3B1}.DebugNoData|x86.Build.0 = Debug|x86
		{7C90CBBC-514E-49B5-8C3B-96C9395EF3B1}.NoExtendedRuntime|Any CPU.ActiveCfg = Release|x86
		{7C90CBBC-514E-49B5-8C3B-96C9395EF3B1}.NoExtendedRuntime|Mixed Platforms.ActiveCfg = Release|x86
		{7C90CBBC-514E-49B5-8C3B-96C9395EF3B1}.NoExtendedRuntime|Mixed Platforms.Build.0 = Release|x86
		{7C90CBBC-514E-49B5-8C3B-96C9395EF3B1}.NoExtendedRuntime|x86.ActiveCfg = Release|x86
		{7C90CBBC-514E-49B5-8C3B-96C9395EF3B1}.NoExtendedRuntime|x86.Build.0 = Release|x86
		{7C90CBBC-514E-49B5-8C3B-96C9395EF3B1}.Release|Any CPU.ActiveCfg = Release|x86
		{7C90CBBC-514E-49B5-8C3B-96C9395EF3B1}.Release|Mixed Platforms.ActiveCfg = Release|x86
		{7C90CBBC-514E-49B5-8C3B-96C9395EF3B1}.Release|Mixed Platforms.Build.0 = Release|x86
		{7C90CBBC-514E-49B5-8C3B-96C9395EF3B1}.Release|x86.ActiveCfg = Release|x86
		{7C90CBBC-514E-49B5-8C3B-96C9395EF3B1}.Release|x86.Build.0 = Release|x86
		{D7E16B38-3893-4EEF-847F-A3BE807E9546}.ClousotDebug|Any CPU.ActiveCfg = ClousotDebug|Any CPU
		{D7E16B38-3893-4EEF-847F-A3BE807E9546}.ClousotDebug|Any CPU.Build.0 = ClousotDebug|Any CPU
		{D7E16B38-3893-4EEF-847F-A3BE807E9546}.ClousotDebug|Mixed Platforms.ActiveCfg = ClousotDebug|Any CPU
		{D7E16B38-3893-4EEF-847F-A3BE807E9546}.ClousotDebug|Mixed Platforms.Build.0 = ClousotDebug|Any CPU
		{D7E16B38-3893-4EEF-847F-A3BE807E9546}.ClousotDebug|x86.ActiveCfg = ClousotDebug|Any CPU
		{D7E16B38-3893-4EEF-847F-A3BE807E9546}.Debug|Any CPU.ActiveCfg = Debug|Any CPU
		{D7E16B38-3893-4EEF-847F-A3BE807E9546}.Debug|Any CPU.Build.0 = Debug|Any CPU
		{D7E16B38-3893-4EEF-847F-A3BE807E9546}.Debug|Mixed Platforms.ActiveCfg = Debug|Any CPU
		{D7E16B38-3893-4EEF-847F-A3BE807E9546}.Debug|Mixed Platforms.Build.0 = Debug|Any CPU
		{D7E16B38-3893-4EEF-847F-A3BE807E9546}.Debug|x86.ActiveCfg = Debug|Any CPU
		{D7E16B38-3893-4EEF-847F-A3BE807E9546}.DebugCommandLine|Any CPU.ActiveCfg = DebugCommandLine|Any CPU
		{D7E16B38-3893-4EEF-847F-A3BE807E9546}.DebugCommandLine|Any CPU.Build.0 = DebugCommandLine|Any CPU
		{D7E16B38-3893-4EEF-847F-A3BE807E9546}.DebugCommandLine|Mixed Platforms.ActiveCfg = DebugCommandLine|Any CPU
		{D7E16B38-3893-4EEF-847F-A3BE807E9546}.DebugCommandLine|Mixed Platforms.Build.0 = DebugCommandLine|Any CPU
		{D7E16B38-3893-4EEF-847F-A3BE807E9546}.DebugCommandLine|x86.ActiveCfg = DebugCommandLine|Any CPU
		{D7E16B38-3893-4EEF-847F-A3BE807E9546}.DebugNoData|Any CPU.ActiveCfg = DebugNoData|Any CPU
		{D7E16B38-3893-4EEF-847F-A3BE807E9546}.DebugNoData|Any CPU.Build.0 = DebugNoData|Any CPU
		{D7E16B38-3893-4EEF-847F-A3BE807E9546}.DebugNoData|Mixed Platforms.ActiveCfg = DebugNoData|Any CPU
		{D7E16B38-3893-4EEF-847F-A3BE807E9546}.DebugNoData|Mixed Platforms.Build.0 = DebugNoData|Any CPU
		{D7E16B38-3893-4EEF-847F-A3BE807E9546}.DebugNoData|x86.ActiveCfg = DebugNoData|Any CPU
		{D7E16B38-3893-4EEF-847F-A3BE807E9546}.NoExtendedRuntime|Any CPU.ActiveCfg = NoExtendedRuntime|Any CPU
		{D7E16B38-3893-4EEF-847F-A3BE807E9546}.NoExtendedRuntime|Any CPU.Build.0 = NoExtendedRuntime|Any CPU
		{D7E16B38-3893-4EEF-847F-A3BE807E9546}.NoExtendedRuntime|Mixed Platforms.ActiveCfg = NoExtendedRuntime|Any CPU
		{D7E16B38-3893-4EEF-847F-A3BE807E9546}.NoExtendedRuntime|Mixed Platforms.Build.0 = NoExtendedRuntime|Any CPU
		{D7E16B38-3893-4EEF-847F-A3BE807E9546}.NoExtendedRuntime|x86.ActiveCfg = NoExtendedRuntime|Any CPU
		{D7E16B38-3893-4EEF-847F-A3BE807E9546}.Release|Any CPU.ActiveCfg = Release|Any CPU
		{D7E16B38-3893-4EEF-847F-A3BE807E9546}.Release|Any CPU.Build.0 = Release|Any CPU
		{D7E16B38-3893-4EEF-847F-A3BE807E9546}.Release|Mixed Platforms.ActiveCfg = Release|Any CPU
		{D7E16B38-3893-4EEF-847F-A3BE807E9546}.Release|Mixed Platforms.Build.0 = Release|Any CPU
		{D7E16B38-3893-4EEF-847F-A3BE807E9546}.Release|x86.ActiveCfg = Release|Any CPU
		{5BEE6906-9652-47B4-B617-368E9598B449}.ClousotDebug|Any CPU.ActiveCfg = Debug|Any CPU
		{5BEE6906-9652-47B4-B617-368E9598B449}.ClousotDebug|Any CPU.Build.0 = Debug|Any CPU
		{5BEE6906-9652-47B4-B617-368E9598B449}.ClousotDebug|Mixed Platforms.ActiveCfg = Debug|Any CPU
		{5BEE6906-9652-47B4-B617-368E9598B449}.ClousotDebug|Mixed Platforms.Build.0 = Debug|Any CPU
		{5BEE6906-9652-47B4-B617-368E9598B449}.ClousotDebug|x86.ActiveCfg = Debug|Any CPU
		{5BEE6906-9652-47B4-B617-368E9598B449}.Debug|Any CPU.ActiveCfg = Debug|Any CPU
		{5BEE6906-9652-47B4-B617-368E9598B449}.Debug|Any CPU.Build.0 = Debug|Any CPU
		{5BEE6906-9652-47B4-B617-368E9598B449}.Debug|Mixed Platforms.ActiveCfg = Debug|Any CPU
		{5BEE6906-9652-47B4-B617-368E9598B449}.Debug|Mixed Platforms.Build.0 = Debug|Any CPU
		{5BEE6906-9652-47B4-B617-368E9598B449}.Debug|x86.ActiveCfg = Debug|Any CPU
		{5BEE6906-9652-47B4-B617-368E9598B449}.DebugCommandLine|Any CPU.ActiveCfg = DebugCommandLine|Any CPU
		{5BEE6906-9652-47B4-B617-368E9598B449}.DebugCommandLine|Any CPU.Build.0 = DebugCommandLine|Any CPU
		{5BEE6906-9652-47B4-B617-368E9598B449}.DebugCommandLine|Mixed Platforms.ActiveCfg = DebugCommandLine|Any CPU
		{5BEE6906-9652-47B4-B617-368E9598B449}.DebugCommandLine|Mixed Platforms.Build.0 = DebugCommandLine|Any CPU
		{5BEE6906-9652-47B4-B617-368E9598B449}.DebugCommandLine|x86.ActiveCfg = DebugCommandLine|Any CPU
		{5BEE6906-9652-47B4-B617-368E9598B449}.DebugNoData|Any CPU.ActiveCfg = DebugNoData|Any CPU
		{5BEE6906-9652-47B4-B617-368E9598B449}.DebugNoData|Any CPU.Build.0 = DebugNoData|Any CPU
		{5BEE6906-9652-47B4-B617-368E9598B449}.DebugNoData|Mixed Platforms.ActiveCfg = DebugNoData|Any CPU
		{5BEE6906-9652-47B4-B617-368E9598B449}.DebugNoData|Mixed Platforms.Build.0 = DebugNoData|Any CPU
		{5BEE6906-9652-47B4-B617-368E9598B449}.DebugNoData|x86.ActiveCfg = DebugNoData|Any CPU
		{5BEE6906-9652-47B4-B617-368E9598B449}.NoExtendedRuntime|Any CPU.ActiveCfg = DebugNoData|Any CPU
		{5BEE6906-9652-47B4-B617-368E9598B449}.NoExtendedRuntime|Any CPU.Build.0 = DebugNoData|Any CPU
		{5BEE6906-9652-47B4-B617-368E9598B449}.NoExtendedRuntime|Mixed Platforms.ActiveCfg = DebugNoData|Any CPU
		{5BEE6906-9652-47B4-B617-368E9598B449}.NoExtendedRuntime|Mixed Platforms.Build.0 = DebugNoData|Any CPU
		{5BEE6906-9652-47B4-B617-368E9598B449}.NoExtendedRuntime|x86.ActiveCfg = DebugNoData|Any CPU
		{5BEE6906-9652-47B4-B617-368E9598B449}.Release|Any CPU.ActiveCfg = Release|Any CPU
		{5BEE6906-9652-47B4-B617-368E9598B449}.Release|Any CPU.Build.0 = Release|Any CPU
		{5BEE6906-9652-47B4-B617-368E9598B449}.Release|Mixed Platforms.ActiveCfg = Release|Any CPU
		{5BEE6906-9652-47B4-B617-368E9598B449}.Release|Mixed Platforms.Build.0 = Release|Any CPU
		{5BEE6906-9652-47B4-B617-368E9598B449}.Release|x86.ActiveCfg = Release|Any CPU
		{5D3B8B5B-703E-4843-ABF3-A864F5B6ADA3}.ClousotDebug|Any CPU.ActiveCfg = Debug|Any CPU
		{5D3B8B5B-703E-4843-ABF3-A864F5B6ADA3}.ClousotDebug|Any CPU.Build.0 = Debug|Any CPU
		{5D3B8B5B-703E-4843-ABF3-A864F5B6ADA3}.ClousotDebug|Mixed Platforms.ActiveCfg = Debug|Any CPU
		{5D3B8B5B-703E-4843-ABF3-A864F5B6ADA3}.ClousotDebug|Mixed Platforms.Build.0 = Debug|Any CPU
		{5D3B8B5B-703E-4843-ABF3-A864F5B6ADA3}.ClousotDebug|x86.ActiveCfg = Debug|Any CPU
		{5D3B8B5B-703E-4843-ABF3-A864F5B6ADA3}.Debug|Any CPU.ActiveCfg = Debug|Any CPU
		{5D3B8B5B-703E-4843-ABF3-A864F5B6ADA3}.Debug|Any CPU.Build.0 = Debug|Any CPU
		{5D3B8B5B-703E-4843-ABF3-A864F5B6ADA3}.Debug|Mixed Platforms.ActiveCfg = Debug|Any CPU
		{5D3B8B5B-703E-4843-ABF3-A864F5B6ADA3}.Debug|Mixed Platforms.Build.0 = Debug|Any CPU
		{5D3B8B5B-703E-4843-ABF3-A864F5B6ADA3}.Debug|x86.ActiveCfg = Debug|Any CPU
		{5D3B8B5B-703E-4843-ABF3-A864F5B6ADA3}.DebugCommandLine|Any CPU.ActiveCfg = DebugCommandLine|Any CPU
		{5D3B8B5B-703E-4843-ABF3-A864F5B6ADA3}.DebugCommandLine|Any CPU.Build.0 = DebugCommandLine|Any CPU
		{5D3B8B5B-703E-4843-ABF3-A864F5B6ADA3}.DebugCommandLine|Mixed Platforms.ActiveCfg = DebugCommandLine|Any CPU
		{5D3B8B5B-703E-4843-ABF3-A864F5B6ADA3}.DebugCommandLine|Mixed Platforms.Build.0 = DebugCommandLine|Any CPU
		{5D3B8B5B-703E-4843-ABF3-A864F5B6ADA3}.DebugCommandLine|x86.ActiveCfg = DebugCommandLine|Any CPU
		{5D3B8B5B-703E-4843-ABF3-A864F5B6ADA3}.DebugNoData|Any CPU.ActiveCfg = DebugNoData|Any CPU
		{5D3B8B5B-703E-4843-ABF3-A864F5B6ADA3}.DebugNoData|Any CPU.Build.0 = DebugNoData|Any CPU
		{5D3B8B5B-703E-4843-ABF3-A864F5B6ADA3}.DebugNoData|Mixed Platforms.ActiveCfg = DebugNoData|Any CPU
		{5D3B8B5B-703E-4843-ABF3-A864F5B6ADA3}.DebugNoData|Mixed Platforms.Build.0 = DebugNoData|Any CPU
		{5D3B8B5B-703E-4843-ABF3-A864F5B6ADA3}.DebugNoData|x86.ActiveCfg = DebugNoData|Any CPU
		{5D3B8B5B-703E-4843-ABF3-A864F5B6ADA3}.NoExtendedRuntime|Any CPU.ActiveCfg = DebugNoData|Any CPU
		{5D3B8B5B-703E-4843-ABF3-A864F5B6ADA3}.NoExtendedRuntime|Any CPU.Build.0 = DebugNoData|Any CPU
		{5D3B8B5B-703E-4843-ABF3-A864F5B6ADA3}.NoExtendedRuntime|Mixed Platforms.ActiveCfg = DebugNoData|Any CPU
		{5D3B8B5B-703E-4843-ABF3-A864F5B6ADA3}.NoExtendedRuntime|Mixed Platforms.Build.0 = DebugNoData|Any CPU
		{5D3B8B5B-703E-4843-ABF3-A864F5B6ADA3}.NoExtendedRuntime|x86.ActiveCfg = DebugNoData|Any CPU
		{5D3B8B5B-703E-4843-ABF3-A864F5B6ADA3}.Release|Any CPU.ActiveCfg = Release|Any CPU
		{5D3B8B5B-703E-4843-ABF3-A864F5B6ADA3}.Release|Any CPU.Build.0 = Release|Any CPU
		{5D3B8B5B-703E-4843-ABF3-A864F5B6ADA3}.Release|Mixed Platforms.ActiveCfg = Release|Any CPU
		{5D3B8B5B-703E-4843-ABF3-A864F5B6ADA3}.Release|Mixed Platforms.Build.0 = Release|Any CPU
		{5D3B8B5B-703E-4843-ABF3-A864F5B6ADA3}.Release|x86.ActiveCfg = Release|Any CPU
	EndGlobalSection
	GlobalSection(SolutionProperties) = preSolution
		HideSolutionNode = FALSE
	EndGlobalSection
EndGlobal
