
Microsoft Visual Studio Solution File, Format Version 11.00
# Visual Studio 2010
Project("{FAE04EC0-301F-11D3-BF4B-00C04F79EFBC}") = "Assembly1", "Assembly1\Assembly1.csproj", "{0085D62F-EA5B-4E26-AEBF-C19CA2449967}"
EndProject
Project("{FAE04EC0-301F-11D3-BF4B-00C04F79EFBC}") = "Assembly2", "Assembly2\Assembly2.csproj", "{419A7A84-9A12-4B0C-A055-3B4808DBAF4A}"
EndProject
Global
	GlobalSection(SolutionConfigurationPlatforms) = preSolution
		Debug|Any CPU = Debug|Any CPU
		Release|Any CPU = Release|Any CPU
	EndGlobalSection
	GlobalSection(ProjectConfigurationPlatforms) = postSolution
		{0085D62F-EA5B-4E26-AEBF-C19CA2449967}.Debug|Any CPU.ActiveCfg = Debug|Any CPU
		{0085D62F-EA5B-4E26-AEBF-C19CA2449967}.Debug|Any CPU.Build.0 = Debug|Any CPU
		{0085D62F-EA5B-4E26-AEBF-C19CA2449967}.Release|Any CPU.ActiveCfg = Release|Any CPU
		{0085D62F-EA5B-4E26-AEBF-C19CA2449967}.Release|Any CPU.Build.0 = Release|Any CPU
		{419A7A84-9A12-4B0C-A055-3B4808DBAF4A}.Debug|Any CPU.ActiveCfg = Debug|Any CPU
		{419A7A84-9A12-4B0C-A055-3B4808DBAF4A}.Debug|Any CPU.Build.0 = Debug|Any CPU
		{419A7A84-9A12-4B0C-A055-3B4808DBAF4A}.Release|Any CPU.ActiveCfg = Release|Any CPU
		{419A7A84-9A12-4B0C-A055-3B4808DBAF4A}.Release|Any CPU.Build.0 = Release|Any CPU
	EndGlobalSection
	GlobalSection(SolutionProperties) = preSolution
		HideSolutionNode = FALSE
	EndGlobalSection
EndGlobal
